
Microsoft Visual Studio Solution File, Format Version 12.00
# Visual Studio Version 17
VisualStudioVersion = 17.4.33205.214
MinimumVisualStudioVersion = 10.0.40219.1
Project("{8BC9CEB8-8B4A-11D0-8D11-00A0C91BC942}") = "dx12Framework", "dx12Framework.vcxproj", "{3A08139F-DECB-4B8C-93C7-F29F66BC8DA5}"
EndProject
Project("{2150E333-8FDC-42A3-9474-1A3956D46DE8}") = "samples", "samples", "{F28250FA-AC3D-4D00-A006-E2132AAE03C8}"
EndProject
Project("{8BC9CEB8-8B4A-11D0-8D11-00A0C91BC942}") = "TiledResourceSample", "samples\TiledResourceSample\TiledResourceSample.vcxproj", "{17460B70-C4ED-4DE7-935C-8D084CA7802F}"
	ProjectSection(ProjectDependencies) = postProject
		{3A08139F-DECB-4B8C-93C7-F29F66BC8DA5} = {3A08139F-DECB-4B8C-93C7-F29F66BC8DA5}
	EndProjectSection
EndProject
Project("{8BC9CEB8-8B4A-11D0-8D11-00A0C91BC942}") = "ParallaxMappingSample", "samples\ParallaxMappingSample\ParallaxMappingSample.vcxproj", "{1EC645CA-CC75-4252-B254-7DBF8F31D2CE}"
	ProjectSection(ProjectDependencies) = postProject
		{3A08139F-DECB-4B8C-93C7-F29F66BC8DA5} = {3A08139F-DECB-4B8C-93C7-F29F66BC8DA5}
	EndProjectSection
EndProject
Project("{8BC9CEB8-8B4A-11D0-8D11-00A0C91BC942}") = "TemplateProject", "samples\TemplateProject\TemplateProject.vcxproj", "{D8BED63F-EAD8-4148-8FF2-4C804124E297}"
	ProjectSection(ProjectDependencies) = postProject
		{3A08139F-DECB-4B8C-93C7-F29F66BC8DA5} = {3A08139F-DECB-4B8C-93C7-F29F66BC8DA5}
	EndProjectSection
EndProject
Project("{8BC9CEB8-8B4A-11D0-8D11-00A0C91BC942}") = "RaytracingSample", "samples\RaytracingSample\RaytracingSample.vcxproj", "{77917A00-A971-4814-9F64-764428CC1EC7}"
	ProjectSection(ProjectDependencies) = postProject
		{3A08139F-DECB-4B8C-93C7-F29F66BC8DA5} = {3A08139F-DECB-4B8C-93C7-F29F66BC8DA5}
	EndProjectSection
EndProject
Project("{8BC9CEB8-8B4A-11D0-8D11-00A0C91BC942}") = "HalfLifeWaterSample", "samples\HalfLifeWaterSample\HalfLifeWaterSample.vcxproj", "{D4BCE4F5-E6E2-4CE8-B4F1-3CB84BA847C1}"
	ProjectSection(ProjectDependencies) = postProject
		{3A08139F-DECB-4B8C-93C7-F29F66BC8DA5} = {3A08139F-DECB-4B8C-93C7-F29F66BC8DA5}
	EndProjectSection
EndProject
Project("{8BC9CEB8-8B4A-11D0-8D11-00A0C91BC942}") = "ImGuiSample", "samples\ImGuiSample\ImGuiSample.vcxproj", "{7B3E12D4-5932-4DE9-A64C-5552E28E131F}"
	ProjectSection(ProjectDependencies) = postProject
		{3A08139F-DECB-4B8C-93C7-F29F66BC8DA5} = {3A08139F-DECB-4B8C-93C7-F29F66BC8DA5}
	EndProjectSection
EndProject
Global
	GlobalSection(SolutionConfigurationPlatforms) = preSolution
		Debug|x64 = Debug|x64
		Debug|x86 = Debug|x86
		Release|x64 = Release|x64
		Release|x86 = Release|x86
	EndGlobalSection
	GlobalSection(ProjectConfigurationPlatforms) = postSolution
		{3A08139F-DECB-4B8C-93C7-F29F66BC8DA5}.Debug|x64.ActiveCfg = Debug|x64
		{3A08139F-DECB-4B8C-93C7-F29F66BC8DA5}.Debug|x64.Build.0 = Debug|x64
		{3A08139F-DECB-4B8C-93C7-F29F66BC8DA5}.Debug|x86.ActiveCfg = Debug|Win32
		{3A08139F-DECB-4B8C-93C7-F29F66BC8DA5}.Debug|x86.Build.0 = Debug|Win32
		{3A08139F-DECB-4B8C-93C7-F29F66BC8DA5}.Release|x64.ActiveCfg = Release|x64
		{3A08139F-DECB-4B8C-93C7-F29F66BC8DA5}.Release|x64.Build.0 = Release|x64
		{3A08139F-DECB-4B8C-93C7-F29F66BC8DA5}.Release|x86.ActiveCfg = Release|Win32
		{3A08139F-DECB-4B8C-93C7-F29F66BC8DA5}.Release|x86.Build.0 = Release|Win32
		{17460B70-C4ED-4DE7-935C-8D084CA7802F}.Debug|x64.ActiveCfg = Debug|x64
		{17460B70-C4ED-4DE7-935C-8D084CA7802F}.Debug|x64.Build.0 = Debug|x64
		{17460B70-C4ED-4DE7-935C-8D084CA7802F}.Debug|x86.ActiveCfg = Debug|Win32
		{17460B70-C4ED-4DE7-935C-8D084CA7802F}.Debug|x86.Build.0 = Debug|Win32
		{17460B70-C4ED-4DE7-935C-8D084CA7802F}.Release|x64.ActiveCfg = Release|x64
		{17460B70-C4ED-4DE7-935C-8D084CA7802F}.Release|x64.Build.0 = Release|x64
		{17460B70-C4ED-4DE7-935C-8D084CA7802F}.Release|x86.ActiveCfg = Release|Win32
		{17460B70-C4ED-4DE7-935C-8D084CA7802F}.Release|x86.Build.0 = Release|Win32
		{1EC645CA-CC75-4252-B254-7DBF8F31D2CE}.Debug|x64.ActiveCfg = Debug|x64
		{1EC645CA-CC75-4252-B254-7DBF8F31D2CE}.Debug|x64.Build.0 = Debug|x64
		{1EC645CA-CC75-4252-B254-7DBF8F31D2CE}.Debug|x86.ActiveCfg = Debug|Win32
		{1EC645CA-CC75-4252-B254-7DBF8F31D2CE}.Debug|x86.Build.0 = Debug|Win32
		{1EC645CA-CC75-4252-B254-7DBF8F31D2CE}.Release|x64.ActiveCfg = Release|x64
		{1EC645CA-CC75-4252-B254-7DBF8F31D2CE}.Release|x64.Build.0 = Release|x64
		{1EC645CA-CC75-4252-B254-7DBF8F31D2CE}.Release|x86.ActiveCfg = Release|Win32
		{1EC645CA-CC75-4252-B254-7DBF8F31D2CE}.Release|x86.Build.0 = Release|Win32
		{D8BED63F-EAD8-4148-8FF2-4C804124E297}.Debug|x64.ActiveCfg = Debug|x64
		{D8BED63F-EAD8-4148-8FF2-4C804124E297}.Debug|x64.Build.0 = Debug|x64
		{D8BED63F-EAD8-4148-8FF2-4C804124E297}.Debug|x86.ActiveCfg = Debug|Win32
		{D8BED63F-EAD8-4148-8FF2-4C804124E297}.Debug|x86.Build.0 = Debug|Win32
		{D8BED63F-EAD8-4148-8FF2-4C804124E297}.Release|x64.ActiveCfg = Release|x64
		{D8BED63F-EAD8-4148-8FF2-4C804124E297}.Release|x64.Build.0 = Release|x64
		{D8BED63F-EAD8-4148-8FF2-4C804124E297}.Release|x86.ActiveCfg = Release|Win32
		{D8BED63F-EAD8-4148-8FF2-4C804124E297}.Release|x86.Build.0 = Release|Win32
		{77917A00-A971-4814-9F64-764428CC1EC7}.Debug|x64.ActiveCfg = Debug|x64
		{77917A00-A971-4814-9F64-764428CC1EC7}.Debug|x64.Build.0 = Debug|x64
		{77917A00-A971-4814-9F64-764428CC1EC7}.Debug|x86.ActiveCfg = Debug|Win32
		{77917A00-A971-4814-9F64-764428CC1EC7}.Debug|x86.Build.0 = Debug|Win32
		{77917A00-A971-4814-9F64-764428CC1EC7}.Release|x64.ActiveCfg = Release|x64
		{77917A00-A971-4814-9F64-764428CC1EC7}.Release|x64.Build.0 = Release|x64
		{77917A00-A971-4814-9F64-764428CC1EC7}.Release|x86.ActiveCfg = Release|Win32
		{77917A00-A971-4814-9F64-764428CC1EC7}.Release|x86.Build.0 = Release|Win32
		{D4BCE4F5-E6E2-4CE8-B4F1-3CB84BA847C1}.Debug|x64.ActiveCfg = Debug|x64
		{D4BCE4F5-E6E2-4CE8-B4F1-3CB84BA847C1}.Debug|x64.Build.0 = Debug|x64
		{D4BCE4F5-E6E2-4CE8-B4F1-3CB84BA847C1}.Debug|x86.ActiveCfg = Debug|Win32
		{D4BCE4F5-E6E2-4CE8-B4F1-3CB84BA847C1}.Debug|x86.Build.0 = Debug|Win32
		{D4BCE4F5-E6E2-4CE8-B4F1-3CB84BA847C1}.Release|x64.ActiveCfg = Release|x64
		{D4BCE4F5-E6E2-4CE8-B4F1-3CB84BA847C1}.Release|x64.Build.0 = Release|x64
		{D4BCE4F5-E6E2-4CE8-B4F1-3CB84BA847C1}.Release|x86.ActiveCfg = Release|Win32
		{D4BCE4F5-E6E2-4CE8-B4F1-3CB84BA847C1}.Release|x86.Build.0 = Release|Win32
		{7B3E12D4-5932-4DE9-A64C-5552E28E131F}.Debug|x64.ActiveCfg = Debug|x64
		{7B3E12D4-5932-4DE9-A64C-5552E28E131F}.Debug|x64.Build.0 = Debug|x64
		{7B3E12D4-5932-4DE9-A64C-5552E28E131F}.Debug|x86.ActiveCfg = Debug|Win32
		{7B3E12D4-5932-4DE9-A64C-5552E28E131F}.Debug|x86.Build.0 = Debug|Win32
		{7B3E12D4-5932-4DE9-A64C-5552E28E131F}.Release|x64.ActiveCfg = Release|x64
		{7B3E12D4-5932-4DE9-A64C-5552E28E131F}.Release|x64.Build.0 = Release|x64
		{7B3E12D4-5932-4DE9-A64C-5552E28E131F}.Release|x86.ActiveCfg = Release|Win32
		{7B3E12D4-5932-4DE9-A64C-5552E28E131F}.Release|x86.Build.0 = Release|Win32
	EndGlobalSection
	GlobalSection(SolutionProperties) = preSolution
		HideSolutionNode = FALSE
	EndGlobalSection
	GlobalSection(NestedProjects) = preSolution
		{17460B70-C4ED-4DE7-935C-8D084CA7802F} = {F28250FA-AC3D-4D00-A006-E2132AAE03C8}
		{1EC645CA-CC75-4252-B254-7DBF8F31D2CE} = {F28250FA-AC3D-4D00-A006-E2132AAE03C8}
		{D8BED63F-EAD8-4148-8FF2-4C804124E297} = {F28250FA-AC3D-4D00-A006-E2132AAE03C8}
		{77917A00-A971-4814-9F64-764428CC1EC7} = {F28250FA-AC3D-4D00-A006-E2132AAE03C8}
		{D4BCE4F5-E6E2-4CE8-B4F1-3CB84BA847C1} = {F28250FA-AC3D-4D00-A006-E2132AAE03C8}
		{7B3E12D4-5932-4DE9-A64C-5552E28E131F} = {F28250FA-AC3D-4D00-A006-E2132AAE03C8}
	EndGlobalSection
	GlobalSection(ExtensibilityGlobals) = postSolution
		SolutionGuid = {B6082146-BC14-428E-8027-9251EC92D8AF}
	EndGlobalSection
EndGlobal
